
Microsoft Visual Studio Solution File, Format Version 12.00
# Visual Studio Version 16
VisualStudioVersion = 16.0.30907.101
MinimumVisualStudioVersion = 10.0.40219.1
Project("{FAE04EC0-301F-11D3-BF4B-00C04F79EFBC}") = "YoutubeDownloader", "YoutubeDownloader\YoutubeDownloader.csproj", "{7D355E0C-901A-469B-B291-5CCDE4247005}"
EndProject
Global
	GlobalSection(SolutionConfigurationPlatforms) = preSolution
		Debug|Any CPU = Debug|Any CPU
		Release|Any CPU = Release|Any CPU
	EndGlobalSection
	GlobalSection(ProjectConfigurationPlatforms) = postSolution
		{7D355E0C-901A-469B-B291-5CCDE4247005}.Debug|Any CPU.ActiveCfg = Debug|Any CPU
		{7D355E0C-901A-469B-B291-5CCDE4247005}.Debug|Any CPU.Build.0 = Debug|Any CPU
		{7D355E0C-901A-469B-B291-5CCDE4247005}.Release|Any CPU.ActiveCfg = Release|Any CPU
		{7D355E0C-901A-469B-B291-5CCDE4247005}.Release|Any CPU.Build.0 = Release|Any CPU
	EndGlobalSection
	GlobalSection(SolutionProperties) = preSolution
		HideSolutionNode = FALSE
	EndGlobalSection
	GlobalSection(ExtensibilityGlobals) = postSolution
		SolutionGuid = {17228B05-8A47-400E-9E5E-C5DF32F14945}
	EndGlobalSection
EndGlobal
